
Microsoft Visual Studio Solution File, Format Version 12.00
# Visual Studio Version 16
VisualStudioVersion = 16.0.32602.291
MinimumVisualStudioVersion = 10.0.40219.1
Project("{FAE04EC0-301F-11D3-BF4B-00C04F79EFBC}") = "CheckName", "CheckName\CheckName.csproj", "{DA5C793B-E6C2-4890-AD29-8EF62E066798}"
EndProject
Global
	GlobalSection(SolutionConfigurationPlatforms) = preSolution
		Debug|Any CPU = Debug|Any CPU
		Release|Any CPU = Release|Any CPU
	EndGlobalSection
	GlobalSection(ProjectConfigurationPlatforms) = postSolution
		{DA5C793B-E6C2-4890-AD29-8EF62E066798}.Debug|Any CPU.ActiveCfg = Debug|Any CPU
		{DA5C793B-E6C2-4890-AD29-8EF62E066798}.Debug|Any CPU.Build.0 = Debug|Any CPU
		{DA5C793B-E6C2-4890-AD29-8EF62E066798}.Release|Any CPU.ActiveCfg = Release|Any CPU
		{DA5C793B-E6C2-4890-AD29-8EF62E066798}.Release|Any CPU.Build.0 = Release|Any CPU
	EndGlobalSection
	GlobalSection(SolutionProperties) = preSolution
		HideSolutionNode = FALSE
	EndGlobalSection
	GlobalSection(ExtensibilityGlobals) = postSolution
		SolutionGuid = {77AEAB24-B924-4193-AE06-C2B9A385057C}
	EndGlobalSection
EndGlobal
